
Microsoft Visual Studio Solution File, Format Version 12.00
# Visual Studio 15
VisualStudioVersion = 15.0.28010.0
MinimumVisualStudioVersion = 10.0.40219.1
Project("{FAE04EC0-301F-11D3-BF4B-00C04F79EFBC}") = "InfiniteRecursionValueTuple", "InfiniteRecursionValueTuple\InfiniteRecursionValueTuple.csproj", "{8B0071E0-8779-4B44-B0C8-3D375FF84561}"
EndProject
Project("{FAE04EC0-301F-11D3-BF4B-00C04F79EFBC}") = "TupleClassConsumer", "TupleClassConsumer\TupleClassConsumer.csproj", "{60F1E9A7-5CEA-47CA-BD7C-D90D651AC862}"
EndProject
Global
	GlobalSection(SolutionConfigurationPlatforms) = preSolution
		Debug|Any CPU = Debug|Any CPU
		Release|Any CPU = Release|Any CPU
	EndGlobalSection
	GlobalSection(ProjectConfigurationPlatforms) = postSolution
		{8B0071E0-8779-4B44-B0C8-3D375FF84561}.Debug|Any CPU.ActiveCfg = Debug|Any CPU
		{8B0071E0-8779-4B44-B0C8-3D375FF84561}.Debug|Any CPU.Build.0 = Debug|Any CPU
		{8B0071E0-8779-4B44-B0C8-3D375FF84561}.Release|Any CPU.ActiveCfg = Release|Any CPU
		{8B0071E0-8779-4B44-B0C8-3D375FF84561}.Release|Any CPU.Build.0 = Release|Any CPU
		{60F1E9A7-5CEA-47CA-BD7C-D90D651AC862}.Debug|Any CPU.ActiveCfg = Debug|Any CPU
		{60F1E9A7-5CEA-47CA-BD7C-D90D651AC862}.Debug|Any CPU.Build.0 = Debug|Any CPU
		{60F1E9A7-5CEA-47CA-BD7C-D90D651AC862}.Release|Any CPU.ActiveCfg = Release|Any CPU
		{60F1E9A7-5CEA-47CA-BD7C-D90D651AC862}.Release|Any CPU.Build.0 = Release|Any CPU
	EndGlobalSection
	GlobalSection(SolutionProperties) = preSolution
		HideSolutionNode = FALSE
	EndGlobalSection
	GlobalSection(ExtensibilityGlobals) = postSolution
		SolutionGuid = {48FC686A-7658-4063-96D7-24F97CEA2445}
	EndGlobalSection
EndGlobal
